// !$*UTF8*$!
{
	archiveVersion = 1;
	classes = {
	};
	objectVersion = 50;
	objects = {

/* Begin PBXBuildFile section */
		625466F02B824A88E419BB57 /* Pods_Movies_App.framework in Frameworks */ = {isa = PBXBuildFile; fileRef = 082D2CEB094C46A8D1436157 /* Pods_Movies_App.framework */; };
		BA0DF3F422D6162C0011303D /* Movie.swift in Sources */ = {isa = PBXBuildFile; fileRef = BAB333A422D60A1B00BDD6D5 /* Movie.swift */; };
		BA0DF3FC22D61DE30011303D /* MovieCVCell.swift in Sources */ = {isa = PBXBuildFile; fileRef = BA0DF3FB22D61DE00011303D /* MovieCVCell.swift */; };
		BA4B8E4822D3EB9000684C4E /* MainVC.swift in Sources */ = {isa = PBXBuildFile; fileRef = BA4B8E4722D3EB9000684C4E /* MainVC.swift */; };
		BA5ED8DC22D63D8F00808DF5 /* MovieDetailsVC.swift in Sources */ = {isa = PBXBuildFile; fileRef = BA5ED8DB22D63D8F00808DF5 /* MovieDetailsVC.swift */; };
		BA6151BF22D26FA60076B9C0 /* AppDelegate.swift in Sources */ = {isa = PBXBuildFile; fileRef = BA6151BE22D26FA60076B9C0 /* AppDelegate.swift */; };
		BA6151C122D26FA60076B9C0 /* LoginVC.swift in Sources */ = {isa = PBXBuildFile; fileRef = BA6151C022D26FA60076B9C0 /* LoginVC.swift */; };
		BA6151C422D26FA60076B9C0 /* Main.storyboard in Resources */ = {isa = PBXBuildFile; fileRef = BA6151C222D26FA60076B9C0 /* Main.storyboard */; };
		BA6151C722D26FA60076B9C0 /* Movies_App.xcdatamodeld in Sources */ = {isa = PBXBuildFile; fileRef = BA6151C522D26FA60076B9C0 /* Movies_App.xcdatamodeld */; };
		BA6151C922D26FA80076B9C0 /* Assets.xcassets in Resources */ = {isa = PBXBuildFile; fileRef = BA6151C822D26FA80076B9C0 /* Assets.xcassets */; };
		BA6151CC22D26FA80076B9C0 /* LaunchScreen.storyboard in Resources */ = {isa = PBXBuildFile; fileRef = BA6151CA22D26FA80076B9C0 /* LaunchScreen.storyboard */; };
		BA73EBDA22D38A220013F590 /* APICallManager.swift in Sources */ = {isa = PBXBuildFile; fileRef = BA73EBD922D38A220013F590 /* APICallManager.swift */; };
		BAA3D74522D4EBD9009F4B87 /* Utils.swift in Sources */ = {isa = PBXBuildFile; fileRef = BAA3D74422D4EBD9009F4B87 /* Utils.swift */; };
		BAA3D74722D52F4A009F4B87 /* Config.swift in Sources */ = {isa = PBXBuildFile; fileRef = BAA3D74622D52F4A009F4B87 /* Config.swift */; };
		BAB333A222D609A100BDD6D5 /* MoviesCV.swift in Sources */ = {isa = PBXBuildFile; fileRef = BAB333A122D609A100BDD6D5 /* MoviesCV.swift */; };
/* End PBXBuildFile section */

/* Begin PBXFileReference section */
		082D2CEB094C46A8D1436157 /* Pods_Movies_App.framework */ = {isa = PBXFileReference; explicitFileType = wrapper.framework; includeInIndex = 0; path = Pods_Movies_App.framework; sourceTree = BUILT_PRODUCTS_DIR; };
		19D00BAAA8326A464B321EEF /* Pods-Movies App.release.xcconfig */ = {isa = PBXFileReference; includeInIndex = 1; lastKnownFileType = text.xcconfig; name = "Pods-Movies App.release.xcconfig"; path = "Pods/Target Support Files/Pods-Movies App/Pods-Movies App.release.xcconfig"; sourceTree = "<group>"; };
		BA0DF3FB22D61DE00011303D /* MovieCVCell.swift */ = {isa = PBXFileReference; lastKnownFileType = sourcecode.swift; path = MovieCVCell.swift; sourceTree = "<group>"; };
		BA4B8E4722D3EB9000684C4E /* MainVC.swift */ = {isa = PBXFileReference; lastKnownFileType = sourcecode.swift; path = MainVC.swift; sourceTree = "<group>"; };
		BA5ED8DB22D63D8F00808DF5 /* MovieDetailsVC.swift */ = {isa = PBXFileReference; fileEncoding = 4; lastKnownFileType = sourcecode.swift; name = MovieDetailsVC.swift; path = ../../../../.Trash/MovieDetailsVC.swift; sourceTree = "<group>"; };
		BA6151BB22D26FA60076B9C0 /* Movies App.app */ = {isa = PBXFileReference; explicitFileType = wrapper.application; includeInIndex = 0; path = "Movies App.app"; sourceTree = BUILT_PRODUCTS_DIR; };
		BA6151BE22D26FA60076B9C0 /* AppDelegate.swift */ = {isa = PBXFileReference; lastKnownFileType = sourcecode.swift; path = AppDelegate.swift; sourceTree = "<group>"; };
		BA6151C022D26FA60076B9C0 /* LoginVC.swift */ = {isa = PBXFileReference; lastKnownFileType = sourcecode.swift; path = LoginVC.swift; sourceTree = "<group>"; };
		BA6151C322D26FA60076B9C0 /* Base */ = {isa = PBXFileReference; lastKnownFileType = file.storyboard; name = Base; path = Base.lproj/Main.storyboard; sourceTree = "<group>"; };
		BA6151C622D26FA60076B9C0 /* Movies_App.xcdatamodel */ = {isa = PBXFileReference; lastKnownFileType = wrapper.xcdatamodel; path = Movies_App.xcdatamodel; sourceTree = "<group>"; };
		BA6151C822D26FA80076B9C0 /* Assets.xcassets */ = {isa = PBXFileReference; lastKnownFileType = folder.assetcatalog; path = Assets.xcassets; sourceTree = "<group>"; };
		BA6151CB22D26FA80076B9C0 /* Base */ = {isa = PBXFileReference; lastKnownFileType = file.storyboard; name = Base; path = Base.lproj/LaunchScreen.storyboard; sourceTree = "<group>"; };
		BA6151CD22D26FA80076B9C0 /* Info.plist */ = {isa = PBXFileReference; lastKnownFileType = text.plist.xml; path = Info.plist; sourceTree = "<group>"; };
		BA73EBD922D38A220013F590 /* APICallManager.swift */ = {isa = PBXFileReference; lastKnownFileType = sourcecode.swift; path = APICallManager.swift; sourceTree = "<group>"; };
		BAA3D74422D4EBD9009F4B87 /* Utils.swift */ = {isa = PBXFileReference; lastKnownFileType = sourcecode.swift; path = Utils.swift; sourceTree = "<group>"; };
		BAA3D74622D52F4A009F4B87 /* Config.swift */ = {isa = PBXFileReference; lastKnownFileType = sourcecode.swift; path = Config.swift; sourceTree = "<group>"; };
		BAB333A122D609A100BDD6D5 /* MoviesCV.swift */ = {isa = PBXFileReference; fileEncoding = 4; lastKnownFileType = sourcecode.swift; name = MoviesCV.swift; path = ../../../../.Trash/MoviesCV.swift; sourceTree = "<group>"; };
		BAB333A422D60A1B00BDD6D5 /* Movie.swift */ = {isa = PBXFileReference; lastKnownFileType = sourcecode.swift; path = Movie.swift; sourceTree = "<group>"; };
		CC94259740AA202407A35CE9 /* Pods-Movies App.debug.xcconfig */ = {isa = PBXFileReference; includeInIndex = 1; lastKnownFileType = text.xcconfig; name = "Pods-Movies App.debug.xcconfig"; path = "Pods/Target Support Files/Pods-Movies App/Pods-Movies App.debug.xcconfig"; sourceTree = "<group>"; };
/* End PBXFileReference section */

/* Begin PBXFrameworksBuildPhase section */
		BA6151B822D26FA60076B9C0 /* Frameworks */ = {
			isa = PBXFrameworksBuildPhase;
			buildActionMask = 2147483647;
			files = (
				625466F02B824A88E419BB57 /* Pods_Movies_App.framework in Frameworks */,
			);
			runOnlyForDeploymentPostprocessing = 0;
		};
/* End PBXFrameworksBuildPhase section */

/* Begin PBXGroup section */
		4A07B66BF56AD5A75D77E6B1 /* Pods */ = {
			isa = PBXGroup;
			children = (
				CC94259740AA202407A35CE9 /* Pods-Movies App.debug.xcconfig */,
				19D00BAAA8326A464B321EEF /* Pods-Movies App.release.xcconfig */,
			);
			name = Pods;
			sourceTree = "<group>";
		};
		B811969D593DD4D9662F0C08 /* Frameworks */ = {
			isa = PBXGroup;
			children = (
				082D2CEB094C46A8D1436157 /* Pods_Movies_App.framework */,
			);
			name = Frameworks;
			sourceTree = "<group>";
		};
		BA0DF3F122D614520011303D /* Cell */ = {
			isa = PBXGroup;
			children = (
				BA0DF3FB22D61DE00011303D /* MovieCVCell.swift */,
			);
			path = Cell;
			sourceTree = "<group>";
		};
		BA4B8E4622D3EB5200684C4E /* Controller */ = {
			isa = PBXGroup;
			children = (
				BA5ED8DB22D63D8F00808DF5 /* MovieDetailsVC.swift */,
				BA4B8E4722D3EB9000684C4E /* MainVC.swift */,
				BA6151C022D26FA60076B9C0 /* LoginVC.swift */,
				BAB333A122D609A100BDD6D5 /* MoviesCV.swift */,
				BA0DF3F122D614520011303D /* Cell */,
			);
			path = Controller;
			sourceTree = "<group>";
		};
		BA6151B222D26FA60076B9C0 = {
			isa = PBXGroup;
			children = (
				BA6151BD22D26FA60076B9C0 /* Movies App */,
				BA6151BC22D26FA60076B9C0 /* Products */,
				4A07B66BF56AD5A75D77E6B1 /* Pods */,
				B811969D593DD4D9662F0C08 /* Frameworks */,
			);
			sourceTree = "<group>";
		};
		BA6151BC22D26FA60076B9C0 /* Products */ = {
			isa = PBXGroup;
			children = (
				BA6151BB22D26FA60076B9C0 /* Movies App.app */,
			);
			name = Products;
			sourceTree = "<group>";
		};
		BA6151BD22D26FA60076B9C0 /* Movies App */ = {
			isa = PBXGroup;
			children = (
				BA6151BE22D26FA60076B9C0 /* AppDelegate.swift */,
				BA6151C222D26FA60076B9C0 /* Main.storyboard */,
				BA6151CD22D26FA80076B9C0 /* Info.plist */,
				BAA3D74122D4A7BF009F4B87 /* Model */,
				BAA3D74322D4EBC1009F4B87 /* Utils */,
				BA73EBD822D389EB0013F590 /* API */,
				BA4B8E4622D3EB5200684C4E /* Controller */,
				BAA3D74222D4CBD4009F4B87 /* Supporting Files */,
			);
			path = "Movies App";
			sourceTree = "<group>";
		};
		BA73EBD822D389EB0013F590 /* API */ = {
			isa = PBXGroup;
			children = (
				BA73EBD922D38A220013F590 /* APICallManager.swift */,
			);
			path = API;
			sourceTree = "<group>";
		};
		BAA3D74122D4A7BF009F4B87 /* Model */ = {
			isa = PBXGroup;
			children = (
				BAB333A422D60A1B00BDD6D5 /* Movie.swift */,
			);
			path = Model;
			sourceTree = "<group>";
		};
		BAA3D74222D4CBD4009F4B87 /* Supporting Files */ = {
			isa = PBXGroup;
			children = (
				BA6151C822D26FA80076B9C0 /* Assets.xcassets */,
				BA6151CA22D26FA80076B9C0 /* LaunchScreen.storyboard */,
				BA6151C522D26FA60076B9C0 /* Movies_App.xcdatamodeld */,
			);
			path = "Supporting Files";
			sourceTree = "<group>";
		};
		BAA3D74322D4EBC1009F4B87 /* Utils */ = {
			isa = PBXGroup;
			children = (
				BAA3D74622D52F4A009F4B87 /* Config.swift */,
				BAA3D74422D4EBD9009F4B87 /* Utils.swift */,
			);
			path = Utils;
			sourceTree = "<group>";
		};
/* End PBXGroup section */

/* Begin PBXNativeTarget section */
		BA6151BA22D26FA60076B9C0 /* Movies App */ = {
			isa = PBXNativeTarget;
			buildConfigurationList = BA6151D022D26FA80076B9C0 /* Build configuration list for PBXNativeTarget "Movies App" */;
			buildPhases = (
				CE7563233FDAD4CC64F81B82 /* [CP] Check Pods Manifest.lock */,
				BA6151B722D26FA60076B9C0 /* Sources */,
				BA6151B822D26FA60076B9C0 /* Frameworks */,
				BA6151B922D26FA60076B9C0 /* Resources */,
				2EF73CC63D18553068926F3E /* [CP] Embed Pods Frameworks */,
			);
			buildRules = (
			);
			dependencies = (
			);
			name = "Movies App";
			productName = "Movies App";
			productReference = BA6151BB22D26FA60076B9C0 /* Movies App.app */;
			productType = "com.apple.product-type.application";
		};
/* End PBXNativeTarget section */

/* Begin PBXProject section */
		BA6151B322D26FA60076B9C0 /* Project object */ = {
			isa = PBXProject;
			attributes = {
				LastSwiftUpdateCheck = 0930;
				LastUpgradeCheck = 0930;
				ORGANIZATIONNAME = Developers;
				TargetAttributes = {
					BA6151BA22D26FA60076B9C0 = {
						CreatedOnToolsVersion = 9.3;
					};
				};
			};
			buildConfigurationList = BA6151B622D26FA60076B9C0 /* Build configuration list for PBXProject "Movies App" */;
			compatibilityVersion = "Xcode 9.3";
			developmentRegion = en;
			hasScannedForEncodings = 0;
			knownRegions = (
				en,
				Base,
			);
			mainGroup = BA6151B222D26FA60076B9C0;
			productRefGroup = BA6151BC22D26FA60076B9C0 /* Products */;
			projectDirPath = "";
			projectRoot = "";
			targets = (
				BA6151BA22D26FA60076B9C0 /* Movies App */,
			);
		};
/* End PBXProject section */

/* Begin PBXResourcesBuildPhase section */
		BA6151B922D26FA60076B9C0 /* Resources */ = {
			isa = PBXResourcesBuildPhase;
			buildActionMask = 2147483647;
			files = (
				BA6151CC22D26FA80076B9C0 /* LaunchScreen.storyboard in Resources */,
				BA6151C922D26FA80076B9C0 /* Assets.xcassets in Resources */,
				BA6151C422D26FA60076B9C0 /* Main.storyboard in Resources */,
			);
			runOnlyForDeploymentPostprocessing = 0;
		};
/* End PBXResourcesBuildPhase section */

/* Begin PBXShellScriptBuildPhase section */
		2EF73CC63D18553068926F3E /* [CP] Embed Pods Frameworks */ = {
			isa = PBXShellScriptBuildPhase;
			buildActionMask = 2147483647;
			files = (
			);
			inputPaths = (
				"${SRCROOT}/Pods/Target Support Files/Pods-Movies App/Pods-Movies App-frameworks.sh",
				"${BUILT_PRODUCTS_DIR}/Alamofire/Alamofire.framework",
				"${BUILT_PRODUCTS_DIR}/Cosmos/Cosmos.framework",
				"${BUILT_PRODUCTS_DIR}/SDWebImage/SDWebImage.framework",
				"${BUILT_PRODUCTS_DIR}/SwiftyJSON/SwiftyJSON.framework",
			);
			name = "[CP] Embed Pods Frameworks";
			outputPaths = (
				"${TARGET_BUILD_DIR}/${FRAMEWORKS_FOLDER_PATH}/Alamofire.framework",
				"${TARGET_BUILD_DIR}/${FRAMEWORKS_FOLDER_PATH}/Cosmos.framework",
				"${TARGET_BUILD_DIR}/${FRAMEWORKS_FOLDER_PATH}/SDWebImage.framework",
				"${TARGET_BUILD_DIR}/${FRAMEWORKS_FOLDER_PATH}/SwiftyJSON.framework",
			);
			runOnlyForDeploymentPostprocessing = 0;
			shellPath = /bin/sh;
			shellScript = "\"${SRCROOT}/Pods/Target Support Files/Pods-Movies App/Pods-Movies App-frameworks.sh\"\n";
			showEnvVarsInLog = 0;
		};
		CE7563233FDAD4CC64F81B82 /* [CP] Check Pods Manifest.lock */ = {
			isa = PBXShellScriptBuildPhase;
			buildActionMask = 2147483647;
			files = (
			);
			inputPaths = (
				"${PODS_PODFILE_DIR_PATH}/Podfile.lock",
				"${PODS_ROOT}/Manifest.lock",
			);
			name = "[CP] Check Pods Manifest.lock";
			outputPaths = (
				"$(DERIVED_FILE_DIR)/Pods-Movies App-checkManifestLockResult.txt",
			);
			runOnlyForDeploymentPostprocessing = 0;
			shellPath = /bin/sh;
			shellScript = "diff \"${PODS_PODFILE_DIR_PATH}/Podfile.lock\" \"${PODS_ROOT}/Manifest.lock\" > /dev/null\nif [ $? != 0 ] ; then\n    # print error to STDERR\n    echo \"error: The sandbox is not in sync with the Podfile.lock. Run 'pod install' or update your CocoaPods installation.\" >&2\n    exit 1\nfi\n# This output is used by Xcode 'outputs' to avoid re-running this script phase.\necho \"SUCCESS\" > \"${SCRIPT_OUTPUT_FILE_0}\"\n";
			showEnvVarsInLog = 0;
		};
/* End PBXShellScriptBuildPhase section */

/* Begin PBXSourcesBuildPhase section */
		BA6151B722D26FA60076B9C0 /* Sources */ = {
			isa = PBXSourcesBuildPhase;
			buildActionMask = 2147483647;
			files = (
				BA0DF3F422D6162C0011303D /* Movie.swift in Sources */,
				BA4B8E4822D3EB9000684C4E /* MainVC.swift in Sources */,
				BA73EBDA22D38A220013F590 /* APICallManager.swift in Sources */,
				BAB333A222D609A100BDD6D5 /* MoviesCV.swift in Sources */,
				BA6151C122D26FA60076B9C0 /* LoginVC.swift in Sources */,
				BA0DF3FC22D61DE30011303D /* MovieCVCell.swift in Sources */,
				BAA3D74722D52F4A009F4B87 /* Config.swift in Sources */,
				BA5ED8DC22D63D8F00808DF5 /* MovieDetailsVC.swift in Sources */,
				BA6151C722D26FA60076B9C0 /* Movies_App.xcdatamodeld in Sources */,
				BA6151BF22D26FA60076B9C0 /* AppDelegate.swift in Sources */,
				BAA3D74522D4EBD9009F4B87 /* Utils.swift in Sources */,
			);
			runOnlyForDeploymentPostprocessing = 0;
		};
/* End PBXSourcesBuildPhase section */

/* Begin PBXVariantGroup section */
		BA6151C222D26FA60076B9C0 /* Main.storyboard */ = {
			isa = PBXVariantGroup;
			children = (
				BA6151C322D26FA60076B9C0 /* Base */,
			);
			name = Main.storyboard;
			sourceTree = "<group>";
		};
		BA6151CA22D26FA80076B9C0 /* LaunchScreen.storyboard */ = {
			isa = PBXVariantGroup;
			children = (
				BA6151CB22D26FA80076B9C0 /* Base */,
			);
			name = LaunchScreen.storyboard;
			sourceTree = "<group>";
		};
/* End PBXVariantGroup section */

/* Begin XCBuildConfiguration section */
		BA6151CE22D26FA80076B9C0 /* Debug */ = {
			isa = XCBuildConfiguration;
			buildSettings = {
				ALWAYS_SEARCH_USER_PATHS = NO;
				CLANG_ANALYZER_NONNULL = YES;
				CLANG_ANALYZER_NUMBER_OBJECT_CONVERSION = YES_AGGRESSIVE;
				CLANG_CXX_LANGUAGE_STANDARD = "gnu++14";
				CLANG_CXX_LIBRARY = "libc++";
				CLANG_ENABLE_MODULES = YES;
				CLANG_ENABLE_OBJC_ARC = YES;
				CLANG_ENABLE_OBJC_WEAK = YES;
				CLANG_WARN_BLOCK_CAPTURE_AUTORELEASING = YES;
				CLANG_WARN_BOOL_CONVERSION = YES;
				CLANG_WARN_COMMA = YES;
				CLANG_WARN_CONSTANT_CONVERSION = YES;
				CLANG_WARN_DEPRECATED_OBJC_IMPLEMENTATIONS = YES;
				CLANG_WARN_DIRECT_OBJC_ISA_USAGE = YES_ERROR;
				CLANG_WARN_DOCUMENTATION_COMMENTS = YES;
				CLANG_WARN_EMPTY_BODY = YES;
				CLANG_WARN_ENUM_CONVERSION = YES;
				CLANG_WARN_INFINITE_RECURSION = YES;
				CLANG_WARN_INT_CONVERSION = YES;
				CLANG_WARN_NON_LITERAL_NULL_CONVERSION = YES;
				CLANG_WARN_OBJC_IMPLICIT_RETAIN_SELF = YES;
				CLANG_WARN_OBJC_LITERAL_CONVERSION = YES;
				CLANG_WARN_OBJC_ROOT_CLASS = YES_ERROR;
				CLANG_WARN_RANGE_LOOP_ANALYSIS = YES;
				CLANG_WARN_STRICT_PROTOTYPES = YES;
				CLANG_WARN_SUSPICIOUS_MOVE = YES;
				CLANG_WARN_UNGUARDED_AVAILABILITY = YES_AGGRESSIVE;
				CLANG_WARN_UNREACHABLE_CODE = YES;
				CLANG_WARN__DUPLICATE_METHOD_MATCH = YES;
				CODE_SIGN_IDENTITY = "iPhone Developer";
				COPY_PHASE_STRIP = NO;
				DEBUG_INFORMATION_FORMAT = dwarf;
				ENABLE_STRICT_OBJC_MSGSEND = YES;
				ENABLE_TESTABILITY = YES;
				GCC_C_LANGUAGE_STANDARD = gnu11;
				GCC_DYNAMIC_NO_PIC = NO;
				GCC_NO_COMMON_BLOCKS = YES;
				GCC_OPTIMIZATION_LEVEL = 0;
				GCC_PREPROCESSOR_DEFINITIONS = (
					"DEBUG=1",
					"$(inherited)",
				);
				GCC_WARN_64_TO_32_BIT_CONVERSION = YES;
				GCC_WARN_ABOUT_RETURN_TYPE = YES_ERROR;
				GCC_WARN_UNDECLARED_SELECTOR = YES;
				GCC_WARN_UNINITIALIZED_AUTOS = YES_AGGRESSIVE;
				GCC_WARN_UNUSED_FUNCTION = YES;
				GCC_WARN_UNUSED_VARIABLE = YES;
				IPHONEOS_DEPLOYMENT_TARGET = 11.3;
				MTL_ENABLE_DEBUG_INFO = YES;
				ONLY_ACTIVE_ARCH = YES;
				SDKROOT = iphoneos;
				SWIFT_ACTIVE_COMPILATION_CONDITIONS = DEBUG;
				SWIFT_OPTIMIZATION_LEVEL = "-Onone";
			};
			name = Debug;
		};
		BA6151CF22D26FA80076B9C0 /* Release */ = {
			isa = XCBuildConfiguration;
			buildSettings = {
				ALWAYS_SEARCH_USER_PATHS = NO;
				CLANG_ANALYZER_NONNULL = YES;
				CLANG_ANALYZER_NUMBER_OBJECT_CONVERSION = YES_AGGRESSIVE;
				CLANG_CXX_LANGUAGE_STANDARD = "gnu++14";
				CLANG_CXX_LIBRARY = "libc++";
				CLANG_ENABLE_MODULES = YES;
				CLANG_ENABLE_OBJC_ARC = YES;
				CLANG_ENABLE_OBJC_WEAK = YES;
				CLANG_WARN_BLOCK_CAPTURE_AUTORELEASING = YES;
				CLANG_WARN_BOOL_CONVERSION = YES;
				CLANG_WARN_COMMA = YES;
				CLANG_WARN_CONSTANT_CONVERSION = YES;
				CLANG_WARN_DEPRECATED_OBJC_IMPLEMENTATIONS = YES;
				CLANG_WARN_DIRECT_OBJC_ISA_USAGE = YES_ERROR;
				CLANG_WARN_DOCUMENTATION_COMMENTS = YES;
				CLANG_WARN_EMPTY_BODY = YES;
				CLANG_WARN_ENUM_CONVERSION = YES;
				CLANG_WARN_INFINITE_RECURSION = YES;
				CLANG_WARN_INT_CONVERSION = YES;
				CLANG_WARN_NON_LITERAL_NULL_CONVERSION = YES;
				CLANG_WARN_OBJC_IMPLICIT_RETAIN_SELF = YES;
				CLANG_WARN_OBJC_LITERAL_CONVERSION = YES;
				CLANG_WARN_OBJC_ROOT_CLASS = YES_ERROR;
				CLANG_WARN_RANGE_LOOP_ANALYSIS = YES;
				CLANG_WARN_STRICT_PROTOTYPES = YES;
				CLANG_WARN_SUSPICIOUS_MOVE = YES;
				CLANG_WARN_UNGUARDED_AVAILABILITY = YES_AGGRESSIVE;
				CLANG_WARN_UNREACHABLE_CODE = YES;
				CLANG_WARN__DUPLICATE_METHOD_MATCH = YES;
				CODE_SIGN_IDENTITY = "iPhone Developer";
				COPY_PHASE_STRIP = NO;
				DEBUG_INFORMATION_FORMAT = "dwarf-with-dsym";
				ENABLE_NS_ASSERTIONS = NO;
				ENABLE_STRICT_OBJC_MSGSEND = YES;
				GCC_C_LANGUAGE_STANDARD = gnu11;
				GCC_NO_COMMON_BLOCKS = YES;
				GCC_WARN_64_TO_32_BIT_CONVERSION = YES;
				GCC_WARN_ABOUT_RETURN_TYPE = YES_ERROR;
				GCC_WARN_UNDECLARED_SELECTOR = YES;
				GCC_WARN_UNINITIALIZED_AUTOS = YES_AGGRESSIVE;
				GCC_WARN_UNUSED_FUNCTION = YES;
				GCC_WARN_UNUSED_VARIABLE = YES;
				IPHONEOS_DEPLOYMENT_TARGET = 11.3;
				MTL_ENABLE_DEBUG_INFO = NO;
				SDKROOT = iphoneos;
				SWIFT_COMPILATION_MODE = wholemodule;
				SWIFT_OPTIMIZATION_LEVEL = "-O";
				VALIDATE_PRODUCT = YES;
			};
			name = Release;
		};
		BA6151D122D26FA80076B9C0 /* Debug */ = {
			isa = XCBuildConfiguration;
			baseConfigurationReference = CC94259740AA202407A35CE9 /* Pods-Movies App.debug.xcconfig */;
			buildSettings = {
				ASSETCATALOG_COMPILER_APPICON_NAME = AppIcon;
				CODE_SIGN_STYLE = Automatic;
				INFOPLIST_FILE = "Movies App/Info.plist";
				LD_RUNPATH_SEARCH_PATHS = (
					"$(inherited)",
					"@executable_path/Frameworks",
				);
				PRODUCT_BUNDLE_IDENTIFIER = "com.developers.Movies-App";
				PRODUCT_NAME = "$(TARGET_NAME)";
				SWIFT_VERSION = 4.0;
				TARGETED_DEVICE_FAMILY = "1,2";
			};
			name = Debug;
		};
		BA6151D222D26FA80076B9C0 /* Release */ = {
			isa = XCBuildConfiguration;
			baseConfigurationReference = 19D00BAAA8326A464B321EEF /* Pods-Movies App.release.xcconfig */;
			buildSettings = {
				ASSETCATALOG_COMPILER_APPICON_NAME = AppIcon;
				CODE_SIGN_STYLE = Automatic;
				INFOPLIST_FILE = "Movies App/Info.plist";
				LD_RUNPATH_SEARCH_PATHS = (
					"$(inherited)",
					"@executable_path/Frameworks",
				);
				PRODUCT_BUNDLE_IDENTIFIER = "com.developers.Movies-App";
				PRODUCT_NAME = "$(TARGET_NAME)";
				SWIFT_VERSION = 4.0;
				TARGETED_DEVICE_FAMILY = "1,2";
			};
			name = Release;
		};
/* End XCBuildConfiguration section */

/* Begin XCConfigurationList section */
		BA6151B622D26FA60076B9C0 /* Build configuration list for PBXProject "Movies App" */ = {
			isa = XCConfigurationList;
			buildConfigurations = (
				BA6151CE22D26FA80076B9C0 /* Debug */,
				BA6151CF22D26FA80076B9C0 /* Release */,
			);
			defaultConfigurationIsVisible = 0;
			defaultConfigurationName = Release;
		};
		BA6151D022D26FA80076B9C0 /* Build configuration list for PBXNativeTarget "Movies App" */ = {
			isa = XCConfigurationList;
			buildConfigurations = (
				BA6151D122D26FA80076B9C0 /* Debug */,
				BA6151D222D26FA80076B9C0 /* Release */,
			);
			defaultConfigurationIsVisible = 0;
			defaultConfigurationName = Release;
		};
/* End XCConfigurationList section */

/* Begin XCVersionGroup section */
		BA6151C522D26FA60076B9C0 /* Movies_App.xcdatamodeld */ = {
			isa = XCVersionGroup;
			children = (
				BA6151C622D26FA60076B9C0 /* Movies_App.xcdatamodel */,
			);
			currentVersion = BA6151C622D26FA60076B9C0 /* Movies_App.xcdatamodel */;
			path = Movies_App.xcdatamodeld;
			sourceTree = "<group>";
			versionGroupType = wrapper.xcdatamodel;
		};
/* End XCVersionGroup section */
	};
	rootObject = BA6151B322D26FA60076B9C0 /* Project object */;
}
